// !$*UTF8*$!
{
	archiveVersion = 1;
	classes = {
	};
	objectVersion = 46;
	objects = {

/* Begin PBXBuildFile section */
		BF3571711BEAD7BF0060AA5D /* AppDelegate.swift in Sources */ = {isa = PBXBuildFile; fileRef = BF3571701BEAD7BF0060AA5D /* AppDelegate.swift */; };
		BF3571731BEAD7BF0060AA5D /* ViewController.swift in Sources */ = {isa = PBXBuildFile; fileRef = BF3571721BEAD7BF0060AA5D /* ViewController.swift */; };
		BF3571761BEAD7BF0060AA5D /* Main.storyboard in Resources */ = {isa = PBXBuildFile; fileRef = BF3571741BEAD7BF0060AA5D /* Main.storyboard */; };
		BF3571781BEAD7BF0060AA5D /* Assets.xcassets in Resources */ = {isa = PBXBuildFile; fileRef = BF3571771BEAD7BF0060AA5D /* Assets.xcassets */; };
		BF35717B1BEAD7BF0060AA5D /* LaunchScreen.storyboard in Resources */ = {isa = PBXBuildFile; fileRef = BF3571791BEAD7BF0060AA5D /* LaunchScreen.storyboard */; };
/* End PBXBuildFile section */

/* Begin PBXFileReference section */
		BF35716D1BEAD7BF0060AA5D /* persistence.app */ = {isa = PBXFileReference; explicitFileType = wrapper.application; includeInIndex = 0; path = persistence.app; sourceTree = BUILT_PRODUCTS_DIR; };
		BF3571701BEAD7BF0060AA5D /* AppDelegate.swift */ = {isa = PBXFileReference; lastKnownFileType = sourcecode.swift; path = AppDelegate.swift; sourceTree = "<group>"; };
		BF3571721BEAD7BF0060AA5D /* ViewController.swift */ = {isa = PBXFileReference; lastKnownFileType = sourcecode.swift; path = ViewController.swift; sourceTree = "<group>"; };
		BF3571751BEAD7BF0060AA5D /* Base */ = {isa = PBXFileReference; lastKnownFileType = file.storyboard; name = Base; path = Base.lproj/Main.storyboard; sourceTree = "<group>"; };
		BF3571771BEAD7BF0060AA5D /* Assets.xcassets */ = {isa = PBXFileReference; lastKnownFileType = folder.assetcatalog; path = Assets.xcassets; sourceTree = "<group>"; };
		BF35717A1BEAD7BF0060AA5D /* Base */ = {isa = PBXFileReference; lastKnownFileType = file.storyboard; name = Base; path = Base.lproj/LaunchScreen.storyboard; sourceTree = "<group>"; };
		BF35717C1BEAD7BF0060AA5D /* Info.plist */ = {isa = PBXFileReference; lastKnownFileType = text.plist.xml; path = Info.plist; sourceTree = "<group>"; };
/* End PBXFileReference section */

/* Begin PBXFrameworksBuildPhase section */
		BF35716A1BEAD7BF0060AA5D /* Frameworks */ = {
			isa = PBXFrameworksBuildPhase;
			buildActionMask = 2147483647;
			files = (
			);
			runOnlyForDeploymentPostprocessing = 0;
		};
/* End PBXFrameworksBuildPhase section */

/* Begin PBXGroup section */
		BF3571641BEAD7BE0060AA5D = {
			isa = PBXGroup;
			children = (
				BF35716F1BEAD7BF0060AA5D /* persistence */,
				BF35716E1BEAD7BF0060AA5D /* Products */,
			);
			sourceTree = "<group>";
		};
		BF35716E1BEAD7BF0060AA5D /* Products */ = {
			isa = PBXGroup;
			children = (
				BF35716D1BEAD7BF0060AA5D /* persistence.app */,
			);
			name = Products;
			sourceTree = "<group>";
		};
		BF35716F1BEAD7BF0060AA5D /* persistence */ = {
			isa = PBXGroup;
			children = (
				BF3571701BEAD7BF0060AA5D /* AppDelegate.swift */,
				BF3571721BEAD7BF0060AA5D /* ViewController.swift */,
				BF3571741BEAD7BF0060AA5D /* Main.storyboard */,
				BF3571771BEAD7BF0060AA5D /* Assets.xcassets */,
				BF3571791BEAD7BF0060AA5D /* LaunchScreen.storyboard */,
				BF35717C1BEAD7BF0060AA5D /* Info.plist */,
			);
			path = persistence;
			sourceTree = "<group>";
		};
/* End PBXGroup section */

/* Begin PBXNativeTarget section */
		BF35716C1BEAD7BF0060AA5D /* persistence */ = {
			isa = PBXNativeTarget;
			buildConfigurationList = BF35717F1BEAD7BF0060AA5D /* Build configuration list for PBXNativeTarget "persistence" */;
			buildPhases = (
				BF3571691BEAD7BF0060AA5D /* Sources */,
				BF35716A1BEAD7BF0060AA5D /* Frameworks */,
				BF35716B1BEAD7BF0060AA5D /* Resources */,
			);
			buildRules = (
			);
			dependencies = (
			);
			name = persistence;
			productName = persistence;
			productReference = BF35716D1BEAD7BF0060AA5D /* persistence.app */;
			productType = "com.apple.product-type.application";
		};
/* End PBXNativeTarget section */

/* Begin PBXProject section */
		BF3571651BEAD7BE0060AA5D /* Project object */ = {
			isa = PBXProject;
			attributes = {
				LastUpgradeCheck = 0700;
				ORGANIZATIONNAME = CaedenBurch;
				TargetAttributes = {
					BF35716C1BEAD7BF0060AA5D = {
						CreatedOnToolsVersion = 7.0.1;
					};
				};
			};
			buildConfigurationList = BF3571681BEAD7BE0060AA5D /* Build configuration list for PBXProject "persistence" */;
			compatibilityVersion = "Xcode 3.2";
			developmentRegion = English;
			hasScannedForEncodings = 0;
			knownRegions = (
				en,
				Base,
			);
			mainGroup = BF3571641BEAD7BE0060AA5D;
			productRefGroup = BF35716E1BEAD7BF0060AA5D /* Products */;
			projectDirPath = "";
			projectRoot = "";
			targets = (
				BF35716C1BEAD7BF0060AA5D /* persistence */,
			);
		};
/* End PBXProject section */

/* Begin PBXResourcesBuildPhase section */
		BF35716B1BEAD7BF0060AA5D /* Resources */ = {
			isa = PBXResourcesBuildPhase;
			buildActionMask = 2147483647;
			files = (
				BF35717B1BEAD7BF0060AA5D /* LaunchScreen.storyboard in Resources */,
				BF3571781BEAD7BF0060AA5D /* Assets.xcassets in Resources */,
				BF3571761BEAD7BF0060AA5D /* Main.storyboard in Resources */,
			);
			runOnlyForDeploymentPostprocessing = 0;
		};
/* End PBXResourcesBuildPhase section */

/* Begin PBXSourcesBuildPhase section */
		BF3571691BEAD7BF0060AA5D /* Sources */ = {
			isa = PBXSourcesBuildPhase;
			buildActionMask = 2147483647;
			files = (
				BF3571731BEAD7BF0060AA5D /* ViewController.swift in Sources */,
				BF3571711BEAD7BF0060AA5D /* AppDelegate.swift in Sources */,
			);
			runOnlyForDeploymentPostprocessing = 0;
		};
/* End PBXSourcesBuildPhase section */

/* Begin PBXVariantGroup section */
		BF3571741BEAD7BF0060AA5D /* Main.storyboard */ = {
			isa = PBXVariantGroup;
			children = (
				BF3571751BEAD7BF0060AA5D /* Base */,
			);
			name = Main.storyboard;
			sourceTree = "<group>";
		};
		BF3571791BEAD7BF0060AA5D /* LaunchScreen.storyboard */ = {
			isa = PBXVariantGroup;
			children = (
				BF35717A1BEAD7BF0060AA5D /* Base */,
			);
			name = LaunchScreen.storyboard;
			sourceTree = "<group>";
		};
/* End PBXVariantGroup section */

/* Begin XCBuildConfiguration section */
		BF35717D1BEAD7BF0060AA5D /* Debug */ = {
			isa = XCBuildConfiguration;
			buildSettings = {
				ALWAYS_SEARCH_USER_PATHS = NO;
				CLANG_CXX_LANGUAGE_STANDARD = "gnu++0x";
				CLANG_CXX_LIBRARY = "libc++";
				CLANG_ENABLE_MODULES = YES;
				CLANG_ENABLE_OBJC_ARC = YES;
				CLANG_WARN_BOOL_CONVERSION = YES;
				CLANG_WARN_CONSTANT_CONVERSION = YES;
				CLANG_WARN_DIRECT_OBJC_ISA_USAGE = YES_ERROR;
				CLANG_WARN_EMPTY_BODY = YES;
				CLANG_WARN_ENUM_CONVERSION = YES;
				CLANG_WARN_INT_CONVERSION = YES;
				CLANG_WARN_OBJC_ROOT_CLASS = YES_ERROR;
				CLANG_WARN_UNREACHABLE_CODE = YES;
				CLANG_WARN__DUPLICATE_METHOD_MATCH = YES;
				"CODE_SIGN_IDENTITY[sdk=iphoneos*]" = "iPhone Developer";
				COPY_PHASE_STRIP = NO;
				DEBUG_INFORMATION_FORMAT = dwarf;
				ENABLE_STRICT_OBJC_MSGSEND = YES;
				ENABLE_TESTABILITY = YES;
				GCC_C_LANGUAGE_STANDARD = gnu99;
				GCC_DYNAMIC_NO_PIC = NO;
				GCC_NO_COMMON_BLOCKS = YES;
				GCC_OPTIMIZATION_LEVEL = 0;
				GCC_PREPROCESSOR_DEFINITIONS = (
					"DEBUG=1",
					"$(inherited)",
				);
				GCC_WARN_64_TO_32_BIT_CONVERSION = YES;
				GCC_WARN_ABOUT_RETURN_TYPE = YES_ERROR;
				GCC_WARN_UNDECLARED_SELECTOR = YES;
				GCC_WARN_UNINITIALIZED_AUTOS = YES_AGGRESSIVE;
				GCC_WARN_UNUSED_FUNCTION = YES;
				GCC_WARN_UNUSED_VARIABLE = YES;
				IPHONEOS_DEPLOYMENT_TARGET = 9.0;
				MTL_ENABLE_DEBUG_INFO = YES;
				ONLY_ACTIVE_ARCH = YES;
				SDKROOT = iphoneos;
				SWIFT_OPTIMIZATION_LEVEL = "-Onone";
			};
			name = Debug;
		};
		BF35717E1BEAD7BF0060AA5D /* Release */ = {
			isa = XCBuildConfiguration;
			buildSettings = {
				ALWAYS_SEARCH_USER_PATHS = NO;
				CLANG_CXX_LANGUAGE_STANDARD = "gnu++0x";
				CLANG_CXX_LIBRARY = "libc++";
				CLANG_ENABLE_MODULES = YES;
				CLANG_ENABLE_OBJC_ARC = YES;
				CLANG_WARN_BOOL_CONVERSION = YES;
				CLANG_WARN_CONSTANT_CONVERSION = YES;
				CLANG_WARN_DIRECT_OBJC_ISA_USAGE = YES_ERROR;
				CLANG_WARN_EMPTY_BODY = YES;
				CLANG_WARN_ENUM_CONVERSION = YES;
				CLANG_WARN_INT_CONVERSION = YES;
				CLANG_WARN_OBJC_ROOT_CLASS = YES_ERROR;
				CLANG_WARN_UNREACHABLE_CODE = YES;
				CLANG_WARN__DUPLICATE_METHOD_MATCH = YES;
				"CODE_SIGN_IDENTITY[sdk=iphoneos*]" = "iPhone Developer";
				COPY_PHASE_STRIP = NO;
				DEBUG_INFORMATION_FORMAT = "dwarf-with-dsym";
				ENABLE_NS_ASSERTIONS = NO;
				ENABLE_STRICT_OBJC_MSGSEND = YES;
				GCC_C_LANGUAGE_STANDARD = gnu99;
				GCC_NO_COMMON_BLOCKS = YES;
				GCC_WARN_64_TO_32_BIT_CONVERSION = YES;
				GCC_WARN_ABOUT_RETURN_TYPE = YES_ERROR;
				GCC_WARN_UNDECLARED_SELECTOR = YES;
				GCC_WARN_UNINITIALIZED_AUTOS = YES_AGGRESSIVE;
				GCC_WARN_UNUSED_FUNCTION = YES;
				GCC_WARN_UNUSED_VARIABLE = YES;
				IPHONEOS_DEPLOYMENT_TARGET = 9.0;
				MTL_ENABLE_DEBUG_INFO = NO;
				SDKROOT = iphoneos;
				VALIDATE_PRODUCT = YES;
			};
			name = Release;
		};
		BF3571801BEAD7BF0060AA5D /* Debug */ = {
			isa = XCBuildConfiguration;
			buildSettings = {
				ASSETCATALOG_COMPILER_APPICON_NAME = AppIcon;
				INFOPLIST_FILE = persistence/Info.plist;
				LD_RUNPATH_SEARCH_PATHS = "$(inherited) @executable_path/Frameworks";
				PRODUCT_BUNDLE_IDENTIFIER = com.Caeden.hello.persistence;
				PRODUCT_NAME = "$(TARGET_NAME)";
			};
			name = Debug;
		};
		BF3571811BEAD7BF0060AA5D /* Release */ = {
			isa = XCBuildConfiguration;
			buildSettings = {
				ASSETCATALOG_COMPILER_APPICON_NAME = AppIcon;
				INFOPLIST_FILE = persistence/Info.plist;
				LD_RUNPATH_SEARCH_PATHS = "$(inherited) @executable_path/Frameworks";
				PRODUCT_BUNDLE_IDENTIFIER = com.Caeden.hello.persistence;
				PRODUCT_NAME = "$(TARGET_NAME)";
			};
			name = Release;
		};
/* End XCBuildConfiguration section */

/* Begin XCConfigurationList section */
		BF3571681BEAD7BE0060AA5D /* Build configuration list for PBXProject "persistence" */ = {
			isa = XCConfigurationList;
			buildConfigurations = (
				BF35717D1BEAD7BF0060AA5D /* Debug */,
				BF35717E1BEAD7BF0060AA5D /* Release */,
			);
			defaultConfigurationIsVisible = 0;
			defaultConfigurationName = Release;
		};
		BF35717F1BEAD7BF0060AA5D /* Build configuration list for PBXNativeTarget "persistence" */ = {
			isa = XCConfigurationList;
			buildConfigurations = (
				BF3571801BEAD7BF0060AA5D /* Debug */,
				BF3571811BEAD7BF0060AA5D /* Release */,
			);
			defaultConfigurationIsVisible = 0;
		};
/* End XCConfigurationList section */
	};
	rootObject = BF3571651BEAD7BE0060AA5D /* Project object */;
}
