// !$*UTF8*$!
{
	archiveVersion = 1;
	classes = {
	};
	objectVersion = 46;
	objects = {

/* Begin PBXBuildFile section */
		BF52BB8C1BD85C7C00A5035B /* AppDelegate.swift in Sources */ = {isa = PBXBuildFile; fileRef = BF52BB8B1BD85C7C00A5035B /* AppDelegate.swift */; };
		BF52BB8E1BD85C7C00A5035B /* First View Controller.swift in Sources */ = {isa = PBXBuildFile; fileRef = BF52BB8D1BD85C7C00A5035B /* First View Controller.swift */; };
		BF52BB911BD85C7C00A5035B /* Main.storyboard in Resources */ = {isa = PBXBuildFile; fileRef = BF52BB8F1BD85C7C00A5035B /* Main.storyboard */; };
		BF52BB931BD85C7C00A5035B /* Assets.xcassets in Resources */ = {isa = PBXBuildFile; fileRef = BF52BB921BD85C7C00A5035B /* Assets.xcassets */; };
		BF52BB961BD85C7C00A5035B /* LaunchScreen.storyboard in Resources */ = {isa = PBXBuildFile; fileRef = BF52BB941BD85C7C00A5035B /* LaunchScreen.storyboard */; };
		BF52BB9E1BD85F2100A5035B /* Second View Controller.swift in Sources */ = {isa = PBXBuildFile; fileRef = BF52BB9D1BD85F2100A5035B /* Second View Controller.swift */; settings = {ASSET_TAGS = (); }; };
/* End PBXBuildFile section */

/* Begin PBXFileReference section */
		BF52BB881BD85C7C00A5035B /* delegateTWo.app */ = {isa = PBXFileReference; explicitFileType = wrapper.application; includeInIndex = 0; path = delegateTWo.app; sourceTree = BUILT_PRODUCTS_DIR; };
		BF52BB8B1BD85C7C00A5035B /* AppDelegate.swift */ = {isa = PBXFileReference; lastKnownFileType = sourcecode.swift; path = AppDelegate.swift; sourceTree = "<group>"; };
		BF52BB8D1BD85C7C00A5035B /* First View Controller.swift */ = {isa = PBXFileReference; lastKnownFileType = sourcecode.swift; path = "First View Controller.swift"; sourceTree = "<group>"; };
		BF52BB901BD85C7C00A5035B /* Base */ = {isa = PBXFileReference; lastKnownFileType = file.storyboard; name = Base; path = Base.lproj/Main.storyboard; sourceTree = "<group>"; };
		BF52BB921BD85C7C00A5035B /* Assets.xcassets */ = {isa = PBXFileReference; lastKnownFileType = folder.assetcatalog; path = Assets.xcassets; sourceTree = "<group>"; };
		BF52BB951BD85C7C00A5035B /* Base */ = {isa = PBXFileReference; lastKnownFileType = file.storyboard; name = Base; path = Base.lproj/LaunchScreen.storyboard; sourceTree = "<group>"; };
		BF52BB971BD85C7C00A5035B /* Info.plist */ = {isa = PBXFileReference; lastKnownFileType = text.plist.xml; path = Info.plist; sourceTree = "<group>"; };
		BF52BB9D1BD85F2100A5035B /* Second View Controller.swift */ = {isa = PBXFileReference; fileEncoding = 4; lastKnownFileType = sourcecode.swift; path = "Second View Controller.swift"; sourceTree = "<group>"; };
/* End PBXFileReference section */

/* Begin PBXFrameworksBuildPhase section */
		BF52BB851BD85C7C00A5035B /* Frameworks */ = {
			isa = PBXFrameworksBuildPhase;
			buildActionMask = 2147483647;
			files = (
			);
			runOnlyForDeploymentPostprocessing = 0;
		};
/* End PBXFrameworksBuildPhase section */

/* Begin PBXGroup section */
		BF52BB7F1BD85C7C00A5035B = {
			isa = PBXGroup;
			children = (
				BF52BB8A1BD85C7C00A5035B /* delegateTWo */,
				BF52BB891BD85C7C00A5035B /* Products */,
			);
			sourceTree = "<group>";
		};
		BF52BB891BD85C7C00A5035B /* Products */ = {
			isa = PBXGroup;
			children = (
				BF52BB881BD85C7C00A5035B /* delegateTWo.app */,
			);
			name = Products;
			sourceTree = "<group>";
		};
		BF52BB8A1BD85C7C00A5035B /* delegateTWo */ = {
			isa = PBXGroup;
			children = (
				BF52BB8B1BD85C7C00A5035B /* AppDelegate.swift */,
				BF52BB8D1BD85C7C00A5035B /* First View Controller.swift */,
				BF52BB9D1BD85F2100A5035B /* Second View Controller.swift */,
				BF52BB8F1BD85C7C00A5035B /* Main.storyboard */,
				BF52BB921BD85C7C00A5035B /* Assets.xcassets */,
				BF52BB941BD85C7C00A5035B /* LaunchScreen.storyboard */,
				BF52BB971BD85C7C00A5035B /* Info.plist */,
			);
			path = delegateTWo;
			sourceTree = "<group>";
		};
/* End PBXGroup section */

/* Begin PBXNativeTarget section */
		BF52BB871BD85C7C00A5035B /* delegateTWo */ = {
			isa = PBXNativeTarget;
			buildConfigurationList = BF52BB9A1BD85C7C00A5035B /* Build configuration list for PBXNativeTarget "delegateTWo" */;
			buildPhases = (
				BF52BB841BD85C7C00A5035B /* Sources */,
				BF52BB851BD85C7C00A5035B /* Frameworks */,
				BF52BB861BD85C7C00A5035B /* Resources */,
			);
			buildRules = (
			);
			dependencies = (
			);
			name = delegateTWo;
			productName = delegateTWo;
			productReference = BF52BB881BD85C7C00A5035B /* delegateTWo.app */;
			productType = "com.apple.product-type.application";
		};
/* End PBXNativeTarget section */

/* Begin PBXProject section */
		BF52BB801BD85C7C00A5035B /* Project object */ = {
			isa = PBXProject;
			attributes = {
				LastUpgradeCheck = 0700;
				ORGANIZATIONNAME = CaedenBurch;
				TargetAttributes = {
					BF52BB871BD85C7C00A5035B = {
						CreatedOnToolsVersion = 7.0.1;
					};
				};
			};
			buildConfigurationList = BF52BB831BD85C7C00A5035B /* Build configuration list for PBXProject "delegateTWo" */;
			compatibilityVersion = "Xcode 3.2";
			developmentRegion = English;
			hasScannedForEncodings = 0;
			knownRegions = (
				en,
				Base,
			);
			mainGroup = BF52BB7F1BD85C7C00A5035B;
			productRefGroup = BF52BB891BD85C7C00A5035B /* Products */;
			projectDirPath = "";
			projectRoot = "";
			targets = (
				BF52BB871BD85C7C00A5035B /* delegateTWo */,
			);
		};
/* End PBXProject section */

/* Begin PBXResourcesBuildPhase section */
		BF52BB861BD85C7C00A5035B /* Resources */ = {
			isa = PBXResourcesBuildPhase;
			buildActionMask = 2147483647;
			files = (
				BF52BB961BD85C7C00A5035B /* LaunchScreen.storyboard in Resources */,
				BF52BB931BD85C7C00A5035B /* Assets.xcassets in Resources */,
				BF52BB911BD85C7C00A5035B /* Main.storyboard in Resources */,
			);
			runOnlyForDeploymentPostprocessing = 0;
		};
/* End PBXResourcesBuildPhase section */

/* Begin PBXSourcesBuildPhase section */
		BF52BB841BD85C7C00A5035B /* Sources */ = {
			isa = PBXSourcesBuildPhase;
			buildActionMask = 2147483647;
			files = (
				BF52BB9E1BD85F2100A5035B /* Second View Controller.swift in Sources */,
				BF52BB8E1BD85C7C00A5035B /* First View Controller.swift in Sources */,
				BF52BB8C1BD85C7C00A5035B /* AppDelegate.swift in Sources */,
			);
			runOnlyForDeploymentPostprocessing = 0;
		};
/* End PBXSourcesBuildPhase section */

/* Begin PBXVariantGroup section */
		BF52BB8F1BD85C7C00A5035B /* Main.storyboard */ = {
			isa = PBXVariantGroup;
			children = (
				BF52BB901BD85C7C00A5035B /* Base */,
			);
			name = Main.storyboard;
			sourceTree = "<group>";
		};
		BF52BB941BD85C7C00A5035B /* LaunchScreen.storyboard */ = {
			isa = PBXVariantGroup;
			children = (
				BF52BB951BD85C7C00A5035B /* Base */,
			);
			name = LaunchScreen.storyboard;
			sourceTree = "<group>";
		};
/* End PBXVariantGroup section */

/* Begin XCBuildConfiguration section */
		BF52BB981BD85C7C00A5035B /* Debug */ = {
			isa = XCBuildConfiguration;
			buildSettings = {
				ALWAYS_SEARCH_USER_PATHS = NO;
				CLANG_CXX_LANGUAGE_STANDARD = "gnu++0x";
				CLANG_CXX_LIBRARY = "libc++";
				CLANG_ENABLE_MODULES = YES;
				CLANG_ENABLE_OBJC_ARC = YES;
				CLANG_WARN_BOOL_CONVERSION = YES;
				CLANG_WARN_CONSTANT_CONVERSION = YES;
				CLANG_WARN_DIRECT_OBJC_ISA_USAGE = YES_ERROR;
				CLANG_WARN_EMPTY_BODY = YES;
				CLANG_WARN_ENUM_CONVERSION = YES;
				CLANG_WARN_INT_CONVERSION = YES;
				CLANG_WARN_OBJC_ROOT_CLASS = YES_ERROR;
				CLANG_WARN_UNREACHABLE_CODE = YES;
				CLANG_WARN__DUPLICATE_METHOD_MATCH = YES;
				"CODE_SIGN_IDENTITY[sdk=iphoneos*]" = "iPhone Developer";
				COPY_PHASE_STRIP = NO;
				DEBUG_INFORMATION_FORMAT = dwarf;
				ENABLE_STRICT_OBJC_MSGSEND = YES;
				ENABLE_TESTABILITY = YES;
				GCC_C_LANGUAGE_STANDARD = gnu99;
				GCC_DYNAMIC_NO_PIC = NO;
				GCC_NO_COMMON_BLOCKS = YES;
				GCC_OPTIMIZATION_LEVEL = 0;
				GCC_PREPROCESSOR_DEFINITIONS = (
					"DEBUG=1",
					"$(inherited)",
				);
				GCC_WARN_64_TO_32_BIT_CONVERSION = YES;
				GCC_WARN_ABOUT_RETURN_TYPE = YES_ERROR;
				GCC_WARN_UNDECLARED_SELECTOR = YES;
				GCC_WARN_UNINITIALIZED_AUTOS = YES_AGGRESSIVE;
				GCC_WARN_UNUSED_FUNCTION = YES;
				GCC_WARN_UNUSED_VARIABLE = YES;
				IPHONEOS_DEPLOYMENT_TARGET = 9.0;
				MTL_ENABLE_DEBUG_INFO = YES;
				ONLY_ACTIVE_ARCH = YES;
				SDKROOT = iphoneos;
				SWIFT_OPTIMIZATION_LEVEL = "-Onone";
			};
			name = Debug;
		};
		BF52BB991BD85C7C00A5035B /* Release */ = {
			isa = XCBuildConfiguration;
			buildSettings = {
				ALWAYS_SEARCH_USER_PATHS = NO;
				CLANG_CXX_LANGUAGE_STANDARD = "gnu++0x";
				CLANG_CXX_LIBRARY = "libc++";
				CLANG_ENABLE_MODULES = YES;
				CLANG_ENABLE_OBJC_ARC = YES;
				CLANG_WARN_BOOL_CONVERSION = YES;
				CLANG_WARN_CONSTANT_CONVERSION = YES;
				CLANG_WARN_DIRECT_OBJC_ISA_USAGE = YES_ERROR;
				CLANG_WARN_EMPTY_BODY = YES;
				CLANG_WARN_ENUM_CONVERSION = YES;
				CLANG_WARN_INT_CONVERSION = YES;
				CLANG_WARN_OBJC_ROOT_CLASS = YES_ERROR;
				CLANG_WARN_UNREACHABLE_CODE = YES;
				CLANG_WARN__DUPLICATE_METHOD_MATCH = YES;
				"CODE_SIGN_IDENTITY[sdk=iphoneos*]" = "iPhone Developer";
				COPY_PHASE_STRIP = NO;
				DEBUG_INFORMATION_FORMAT = "dwarf-with-dsym";
				ENABLE_NS_ASSERTIONS = NO;
				ENABLE_STRICT_OBJC_MSGSEND = YES;
				GCC_C_LANGUAGE_STANDARD = gnu99;
				GCC_NO_COMMON_BLOCKS = YES;
				GCC_WARN_64_TO_32_BIT_CONVERSION = YES;
				GCC_WARN_ABOUT_RETURN_TYPE = YES_ERROR;
				GCC_WARN_UNDECLARED_SELECTOR = YES;
				GCC_WARN_UNINITIALIZED_AUTOS = YES_AGGRESSIVE;
				GCC_WARN_UNUSED_FUNCTION = YES;
				GCC_WARN_UNUSED_VARIABLE = YES;
				IPHONEOS_DEPLOYMENT_TARGET = 9.0;
				MTL_ENABLE_DEBUG_INFO = NO;
				SDKROOT = iphoneos;
				VALIDATE_PRODUCT = YES;
			};
			name = Release;
		};
		BF52BB9B1BD85C7C00A5035B /* Debug */ = {
			isa = XCBuildConfiguration;
			buildSettings = {
				ASSETCATALOG_COMPILER_APPICON_NAME = AppIcon;
				INFOPLIST_FILE = delegateTWo/Info.plist;
				LD_RUNPATH_SEARCH_PATHS = "$(inherited) @executable_path/Frameworks";
				PRODUCT_BUNDLE_IDENTIFIER = com.Caeden.hello.delegateTWo;
				PRODUCT_NAME = "$(TARGET_NAME)";
			};
			name = Debug;
		};
		BF52BB9C1BD85C7C00A5035B /* Release */ = {
			isa = XCBuildConfiguration;
			buildSettings = {
				ASSETCATALOG_COMPILER_APPICON_NAME = AppIcon;
				INFOPLIST_FILE = delegateTWo/Info.plist;
				LD_RUNPATH_SEARCH_PATHS = "$(inherited) @executable_path/Frameworks";
				PRODUCT_BUNDLE_IDENTIFIER = com.Caeden.hello.delegateTWo;
				PRODUCT_NAME = "$(TARGET_NAME)";
			};
			name = Release;
		};
/* End XCBuildConfiguration section */

/* Begin XCConfigurationList section */
		BF52BB831BD85C7C00A5035B /* Build configuration list for PBXProject "delegateTWo" */ = {
			isa = XCConfigurationList;
			buildConfigurations = (
				BF52BB981BD85C7C00A5035B /* Debug */,
				BF52BB991BD85C7C00A5035B /* Release */,
			);
			defaultConfigurationIsVisible = 0;
			defaultConfigurationName = Release;
		};
		BF52BB9A1BD85C7C00A5035B /* Build configuration list for PBXNativeTarget "delegateTWo" */ = {
			isa = XCConfigurationList;
			buildConfigurations = (
				BF52BB9B1BD85C7C00A5035B /* Debug */,
				BF52BB9C1BD85C7C00A5035B /* Release */,
			);
			defaultConfigurationIsVisible = 0;
		};
/* End XCConfigurationList section */
	};
	rootObject = BF52BB801BD85C7C00A5035B /* Project object */;
}
